
Microsoft Visual Studio Solution File, Format Version 12.00
# Visual Studio Version 16
VisualStudioVersion = 16.0.32002.261
MinimumVisualStudioVersion = 10.0.40219.1
Project("{9A19103F-16F7-4668-BE54-9A1E7A4F7556}") = "01.LeetCode.Shopee.MyQueue", "LeetCode.Shopee\01.LeetCode.Shopee.MyQueue.csproj", "{F0D168E1-68AD-434C-831E-2CB084F1F0D1}"
EndProject
Project("{9A19103F-16F7-4668-BE54-9A1E7A4F7556}") = "02.LeetCode.Shopee.Search", "02.LeetCode.Shopee.Search\02.LeetCode.Shopee.Search.csproj", "{13FC1553-C28B-4D98-86FB-8B0AD29CBD01}"
EndProject
Project("{9A19103F-16F7-4668-BE54-9A1E7A4F7556}") = "03.LeetCode.Shopee.TwoSum", "03.LeetCode.Shopee.TwoSum\03.LeetCode.Shopee.TwoSum.csproj", "{8B853A96-1927-4662-9328-EAA91C2EBE01}"
EndProject
Project("{FAE04EC0-301F-11D3-BF4B-00C04F79EFBC}") = "04.LeetCode.Shopee.LevelOrder", "04.LeetCode.Shopee.LevelOrder\04.LeetCode.Shopee.LevelOrder.csproj", "{A40D058F-011E-4CF6-BB53-5622A553C6A8}"
EndProject
Global
	GlobalSection(SolutionConfigurationPlatforms) = preSolution
		Debug|Any CPU = Debug|Any CPU
		Release|Any CPU = Release|Any CPU
	EndGlobalSection
	GlobalSection(ProjectConfigurationPlatforms) = postSolution
		{F0D168E1-68AD-434C-831E-2CB084F1F0D1}.Debug|Any CPU.ActiveCfg = Debug|Any CPU
		{F0D168E1-68AD-434C-831E-2CB084F1F0D1}.Debug|Any CPU.Build.0 = Debug|Any CPU
		{F0D168E1-68AD-434C-831E-2CB084F1F0D1}.Release|Any CPU.ActiveCfg = Release|Any CPU
		{F0D168E1-68AD-434C-831E-2CB084F1F0D1}.Release|Any CPU.Build.0 = Release|Any CPU
		{13FC1553-C28B-4D98-86FB-8B0AD29CBD01}.Debug|Any CPU.ActiveCfg = Debug|Any CPU
		{13FC1553-C28B-4D98-86FB-8B0AD29CBD01}.Debug|Any CPU.Build.0 = Debug|Any CPU
		{13FC1553-C28B-4D98-86FB-8B0AD29CBD01}.Release|Any CPU.ActiveCfg = Release|Any CPU
		{13FC1553-C28B-4D98-86FB-8B0AD29CBD01}.Release|Any CPU.Build.0 = Release|Any CPU
		{8B853A96-1927-4662-9328-EAA91C2EBE01}.Debug|Any CPU.ActiveCfg = Debug|Any CPU
		{8B853A96-1927-4662-9328-EAA91C2EBE01}.Debug|Any CPU.Build.0 = Debug|Any CPU
		{8B853A96-1927-4662-9328-EAA91C2EBE01}.Release|Any CPU.ActiveCfg = Release|Any CPU
		{8B853A96-1927-4662-9328-EAA91C2EBE01}.Release|Any CPU.Build.0 = Release|Any CPU
		{A40D058F-011E-4CF6-BB53-5622A553C6A8}.Debug|Any CPU.ActiveCfg = Debug|Any CPU
		{A40D058F-011E-4CF6-BB53-5622A553C6A8}.Debug|Any CPU.Build.0 = Debug|Any CPU
		{A40D058F-011E-4CF6-BB53-5622A553C6A8}.Release|Any CPU.ActiveCfg = Release|Any CPU
		{A40D058F-011E-4CF6-BB53-5622A553C6A8}.Release|Any CPU.Build.0 = Release|Any CPU
	EndGlobalSection
	GlobalSection(SolutionProperties) = preSolution
		HideSolutionNode = FALSE
	EndGlobalSection
	GlobalSection(ExtensibilityGlobals) = postSolution
		SolutionGuid = {624482ED-CAC7-45D7-A3D4-BD7D35951B36}
	EndGlobalSection
EndGlobal
